# THIS IS AN AUTOGENERATED FILE. DO NOT EDIT THIS FILE DIRECTLY.
# yarn lockfile v1


"@contentful/rich-text-from-markdown@^15.16.8":
  version "15.16.8"
  resolved "https://registry.yarnpkg.com/@contentful/rich-text-from-markdown/-/rich-text-from-markdown-15.16.8.tgz#9ff29563482878bb508211b7de1bf04ee8d54c80"
  integrity sha512-1q712o+ZPOEynm6GydpVrE8+ewqdwZWIofgPpsnfQPowLb/M1ifqHcQ1qUBjHaLKXtJIxBkNLxKEjAnlFGZTuA==
  dependencies:
    "@contentful/rich-text-types" "^16.3.0"
    lodash "^4.17.11"
    remark-gfm "^1.0.0"
    remark-parse "^9.0.0"
    unified "^9.0.0"

"@contentful/rich-text-types@^16.3.0":
  version "16.3.0"
  resolved "https://registry.yarnpkg.com/@contentful/rich-text-types/-/rich-text-types-16.3.0.tgz#d44145a43b32d61eb4d6a82d3001cdfddbbda42e"
  integrity sha512-OfQmAu5bxE0CgQA3WlUleVej+ifFG/iXmB2DmUl4EyWyFue1aiIvfjxQhcDRSH4n1jUNMJ6L1wInZL8uV5m3TQ==

"@tootallnate/once@2":
  version "2.0.0"
  resolved "https://registry.yarnpkg.com/@tootallnate/once/-/once-2.0.0.tgz#f544a148d3ab35801c1f633a7441fd87c2e484bf"
  integrity sha512-XCuKFP5PS55gnMVu3dty8KPatLqUoy/ZYzDzAGCQ8JNFCkLXzmI7vNHCR+XpbZaMWQK/vQubr7PkYq8g470J/A==

"@types/json-patch@0.0.30":
  version "0.0.30"
  resolved "https://registry.yarnpkg.com/@types/json-patch/-/json-patch-0.0.30.tgz#7c562173216c50529e70126ceb8e7a533f865e9b"
  integrity sha512-MhCUjojzDhVLnZnxwPwa+rETFRDQ0ffjxYdrqOP6TBO2O0/Z64PV5tNeYApo4bc4y4frbWOrRwv/eEkXlI13Rw==

"@types/mdast@^3.0.0":
  version "3.0.13"
  resolved "https://registry.yarnpkg.com/@types/mdast/-/mdast-3.0.13.tgz#b7ba6e52d0faeb9c493e32c205f3831022be4e1b"
  integrity sha512-HjiGiWedR0DVFkeNljpa6Lv4/IZU1+30VY5d747K7lBudFc3R0Ibr6yJ9lN3BE28VnZyDfLF/VB1Ql1ZIbKrmg==
  dependencies:
    "@types/unist" "^2"

"@types/unist@^2", "@types/unist@^2.0.0", "@types/unist@^2.0.2":
  version "2.0.8"
  resolved "https://registry.yarnpkg.com/@types/unist/-/unist-2.0.8.tgz#bb197b9639aa1a04cf464a617fe800cccd92ad5c"
  integrity sha512-d0XxK3YTObnWVp6rZuev3c49+j4Lo8g4L1ZRm9z5L0xpoZycUPshHgczK5gsUMaZOstjVYYi09p5gYvUtfChYw==

abab@^2.0.6:
  version "2.0.6"
  resolved "https://registry.yarnpkg.com/abab/-/abab-2.0.6.tgz#41b80f2c871d19686216b82309231cfd3cb3d291"
  integrity sha512-j2afSsaIENvHZN2B8GOpF566vZ5WVk5opAiMTvWgaQT8DkbOqsTfvNAvHoRGU2zzP8cPoqys+xHTRDWW8L+/BA==

agent-base@6:
  version "6.0.2"
  resolved "https://registry.yarnpkg.com/agent-base/-/agent-base-6.0.2.tgz#49fff58577cfee3f37176feab4c22e00f86d7f77"
  integrity sha512-RZNwNclF7+MS/8bDg70amg32dyeZGZxiDuQmZxKLAlQjr3jGyLx+4Kkk58UO7D2QdgFIQCovuSuZESne6RG6XQ==
  dependencies:
    debug "4"

asynckit@^0.4.0:
  version "0.4.0"
  resolved "https://registry.yarnpkg.com/asynckit/-/asynckit-0.4.0.tgz#c79ed97f7f34cb8f2ba1bc9790bcc366474b4b79"
  integrity sha512-Oei9OH4tRh0YqU3GxhX79dM/mwVgvbZJaSNaRk+bshkj0S5cfHcgYakreBjrHwatXKbz+IoIdYLxrKim2MjW0Q==

axios@^1.4.0, axios@^1.5.1:
  version "1.5.1"
  resolved "https://registry.yarnpkg.com/axios/-/axios-1.5.1.tgz#11fbaa11fc35f431193a9564109c88c1f27b585f"
  integrity sha512-Q28iYCWzNHjAm+yEAot5QaAMxhMghWLFVf7rRdwhUI+c2jix2DUXjAHXVi+s1ibs3mjPO/cCgbA++3BjD0vP/A==
  dependencies:
    follow-redirects "^1.15.0"
    form-data "^4.0.0"
    proxy-from-env "^1.1.0"

bail@^1.0.0:
  version "1.0.5"
  resolved "https://registry.yarnpkg.com/bail/-/bail-1.0.5.tgz#b6fa133404a392cbc1f8c4bf63f5953351e7a776"
  integrity sha512-xFbRxM1tahm08yHBP16MMjVUAvDaBMD38zsM9EMAUN61omwLmKlOpB/Zku5QkjZ8TZ4vn53pj+t518cH0S03RQ==

ccount@^1.0.0:
  version "1.1.0"
  resolved "https://registry.yarnpkg.com/ccount/-/ccount-1.1.0.tgz#246687debb6014735131be8abab2d93898f8d043"
  integrity sha512-vlNK021QdI7PNeiUh/lKkC/mNHHfV0m/Ad5JoI0TYtlBnJAslM/JIkm/tGC88bkLIwO6OQ5uV6ztS6kVAtCDlg==

character-entities-legacy@^1.0.0:
  version "1.1.4"
  resolved "https://registry.yarnpkg.com/character-entities-legacy/-/character-entities-legacy-1.1.4.tgz#94bc1845dce70a5bb9d2ecc748725661293d8fc1"
  integrity sha512-3Xnr+7ZFS1uxeiUDvV02wQ+QDbc55o97tIV5zHScSPJpcLm/r0DFPcoY3tYRp+VZukxuMeKgXYmsXQHO05zQeA==

character-entities@^1.0.0:
  version "1.2.4"
  resolved "https://registry.yarnpkg.com/character-entities/-/character-entities-1.2.4.tgz#e12c3939b7eaf4e5b15e7ad4c5e28e1d48c5b16b"
  integrity sha512-iBMyeEHxfVnIakwOuDXpVkc54HijNgCyQB2w0VfGQThle6NXn50zU6V/u+LDhxHcDUPojn6Kpga3PTAD8W1bQw==

character-reference-invalid@^1.0.0:
  version "1.1.4"
  resolved "https://registry.yarnpkg.com/character-reference-invalid/-/character-reference-invalid-1.1.4.tgz#083329cda0eae272ab3dbbf37e9a382c13af1560"
  integrity sha512-mKKUkUbhPpQlCOfIuZkvSEgktjPFIsZKRRbC6KWVEMvlzblj3i3asQv5ODsrwt0N3pHAEvjP8KTQPHkp0+6jOg==

combined-stream@^1.0.8:
  version "1.0.8"
  resolved "https://registry.yarnpkg.com/combined-stream/-/combined-stream-1.0.8.tgz#c3d45a8b34fd730631a110a8a2520682b31d5a7f"
  integrity sha512-FQN4MRfuJeHf7cBbBMJFXhKSDq+2kAArBlmRBvcvFE5BB1HZKXtSFASDhdlz9zOYwxh8lDdnvmMOe/+5cdoEdg==
  dependencies:
    delayed-stream "~1.0.0"

contentful-management@^11.1.1:
  version "11.1.1"
  resolved "https://registry.yarnpkg.com/contentful-management/-/contentful-management-11.1.1.tgz#6dd9a59cf8f90a648e21083c9730604e977b0cee"
  integrity sha512-4zUgGjUvKOkcCwM7ugR5bE8CtyYV0Wh79e7hJ1vfwO4GFA8V0W7N3Y7GMHnw5oRcfLE7e/3GaD1v5GqB8btTsg==
  dependencies:
    "@contentful/rich-text-types" "^16.3.0"
    "@types/json-patch" "0.0.30"
    axios "^1.4.0"
    contentful-sdk-core "^8.1.0"
    fast-copy "^3.0.0"
    lodash.isplainobject "^4.0.6"
    type-fest "^4.0.0"

contentful-sdk-core@^8.1.0:
  version "8.1.0"
  resolved "https://registry.yarnpkg.com/contentful-sdk-core/-/contentful-sdk-core-8.1.0.tgz#6493d3c0c08ef57bd6a94b5b85abe622e9595caa"
  integrity sha512-ZXTtrkrx4OlRcVY0WLihrskF+BSuHe7QZuWA8DNEeTlHmkPXAVch9Og5TJDoyGeqNrArR3Ovd7yfaG+1QYo+ag==
  dependencies:
    fast-copy "^2.1.7"
    lodash.isplainobject "^4.0.6"
    lodash.isstring "^4.0.1"
    p-throttle "^4.1.1"

cssstyle@^3.0.0:
  version "3.0.0"
  resolved "https://registry.yarnpkg.com/cssstyle/-/cssstyle-3.0.0.tgz#17ca9c87d26eac764bb8cfd00583cff21ce0277a"
  integrity sha512-N4u2ABATi3Qplzf0hWbVCdjenim8F3ojEXpBDF5hBpjzW182MjNGLqfmQ0SkSPeQ+V86ZXgeH8aXj6kayd4jgg==
  dependencies:
    rrweb-cssom "^0.6.0"

data-urls@^4.0.0:
  version "4.0.0"
  resolved "https://registry.yarnpkg.com/data-urls/-/data-urls-4.0.0.tgz#333a454eca6f9a5b7b0f1013ff89074c3f522dd4"
  integrity sha512-/mMTei/JXPqvFqQtfyTowxmJVwr2PVAeCcDxyFf6LhoOu/09TX2OX3kb2wzi4DMXcfj4OItwDOnhl5oziPnT6g==
  dependencies:
    abab "^2.0.6"
    whatwg-mimetype "^3.0.0"
    whatwg-url "^12.0.0"

debug@4, debug@^4.0.0:
  version "4.3.4"
  resolved "https://registry.yarnpkg.com/debug/-/debug-4.3.4.tgz#1319f6579357f2338d3337d2cdd4914bb5dcc865"
  integrity sha512-PRWFHuSU3eDtQJPvnNY7Jcket1j0t5OuOsFzPPzsekD52Zl8qUfFIPEiswXqIvHWGVHOgX+7G/vCNNhehwxfkQ==
  dependencies:
    ms "2.1.2"

decimal.js@^10.4.3:
  version "10.4.3"
  resolved "https://registry.yarnpkg.com/decimal.js/-/decimal.js-10.4.3.tgz#1044092884d245d1b7f65725fa4ad4c6f781cc23"
  integrity sha512-VBBaLc1MgL5XpzgIP7ny5Z6Nx3UrRkIViUkPUdtl9aya5amy3De1gsUUSB1g3+3sExYNjCAsAznmukyxCb1GRA==

delayed-stream@~1.0.0:
  version "1.0.0"
  resolved "https://registry.yarnpkg.com/delayed-stream/-/delayed-stream-1.0.0.tgz#df3ae199acadfb7d440aaae0b29e2272b24ec619"
  integrity sha512-ZySD7Nf91aLB0RxL4KGrKHBXl7Eds1DAmEdcoVawXnLD7SDhpNgtuII2aAkg7a7QS41jxPSZ17p4VdGnMHk3MQ==

domexception@^4.0.0:
  version "4.0.0"
  resolved "https://registry.yarnpkg.com/domexception/-/domexception-4.0.0.tgz#4ad1be56ccadc86fc76d033353999a8037d03673"
  integrity sha512-A2is4PLG+eeSfoTMA95/s4pvAoSo2mKtiM5jlHkAVewmiO8ISFTFKZjH7UAM1Atli/OT/7JHOrJRJiMKUZKYBw==
  dependencies:
    webidl-conversions "^7.0.0"

domino@^2.1.6:
  version "2.1.6"
  resolved "https://registry.yarnpkg.com/domino/-/domino-2.1.6.tgz#fe4ace4310526e5e7b9d12c7de01b7f485a57ffe"
  integrity sha512-3VdM/SXBZX2omc9JF9nOPCtDaYQ67BGp5CoLpIQlO2KCAPETs8TcDHacF26jXadGbvUteZzRTeos2fhID5+ucQ==

entities@^4.4.0:
  version "4.5.0"
  resolved "https://registry.yarnpkg.com/entities/-/entities-4.5.0.tgz#5d268ea5e7113ec74c4d033b79ea5a35a488fb48"
  integrity sha512-V0hjH4dGPh9Ao5p0MoRY6BVqtwCjhz6vI5LT8AJ55H+4g9/4vbHx1I54fS0XuclLhDHArPQCiMjDxjaL8fPxhw==

escape-string-regexp@^4.0.0:
  version "4.0.0"
  resolved "https://registry.yarnpkg.com/escape-string-regexp/-/escape-string-regexp-4.0.0.tgz#14ba83a5d373e3d311e5afca29cf5bfad965bf34"
  integrity sha512-TtpcNJ3XAzx3Gq8sWRzJaVajRs0uVxA2YAkdb1jm2YkPz4G6egUFAyA3n5vtEIZefPk5Wa4UXbKuS5fKkJWdgA==

extend@^3.0.0:
  version "3.0.2"
  resolved "https://registry.yarnpkg.com/extend/-/extend-3.0.2.tgz#f8b1136b4071fbd8eb140aff858b1019ec2915fa"
  integrity sha512-fjquC59cD7CyW6urNXK0FBufkZcoiGG80wTuPujX590cB5Ttln20E2UB4S/WARVqhXffZl2LNgS+gQdPIIim/g==

fast-copy@^2.1.7:
  version "2.1.7"
  resolved "https://registry.yarnpkg.com/fast-copy/-/fast-copy-2.1.7.tgz#affc9475cb4b555fb488572b2a44231d0c9fa39e"
  integrity sha512-ozrGwyuCTAy7YgFCua8rmqmytECYk/JYAMXcswOcm0qvGoE3tPb7ivBeIHTOK2DiapBhDZgacIhzhQIKU5TCfA==

fast-copy@^3.0.0:
  version "3.0.1"
  resolved "https://registry.yarnpkg.com/fast-copy/-/fast-copy-3.0.1.tgz#9e89ef498b8c04c1cd76b33b8e14271658a732aa"
  integrity sha512-Knr7NOtK3HWRYGtHoJrjkaWepqT8thIVGAwt0p0aUs1zqkAzXZV4vo9fFNwyb5fcqK1GKYFYxldQdIDVKhUAfA==

follow-redirects@^1.15.0:
  version "1.15.3"
  resolved "https://registry.yarnpkg.com/follow-redirects/-/follow-redirects-1.15.3.tgz#fe2f3ef2690afce7e82ed0b44db08165b207123a"
  integrity sha512-1VzOtuEM8pC9SFU1E+8KfTjZyMztRsgEfwQl44z8A25uy13jSzTj6dyK2Df52iV0vgHCfBwLhDWevLn95w5v6Q==

form-data@^4.0.0:
  version "4.0.0"
  resolved "https://registry.yarnpkg.com/form-data/-/form-data-4.0.0.tgz#93919daeaf361ee529584b9b31664dc12c9fa452"
  integrity sha512-ETEklSGi5t0QMZuiXoA/Q6vcnxcLQP5vdugSpuAyi6SVGi2clPPp+xgEhuMaHC+zGgn31Kd235W35f7Hykkaww==
  dependencies:
    asynckit "^0.4.0"
    combined-stream "^1.0.8"
    mime-types "^2.1.12"

html-encoding-sniffer@^3.0.0:
  version "3.0.0"
  resolved "https://registry.yarnpkg.com/html-encoding-sniffer/-/html-encoding-sniffer-3.0.0.tgz#2cb1a8cf0db52414776e5b2a7a04d5dd98158de9"
  integrity sha512-oWv4T4yJ52iKrufjnyZPkrN0CH3QnrUqdB6In1g5Fe1mia8GmF36gnfNySxoZtxD5+NmYw1EElVXiBk93UeskA==
  dependencies:
    whatwg-encoding "^2.0.0"

http-proxy-agent@^5.0.0:
  version "5.0.0"
  resolved "https://registry.yarnpkg.com/http-proxy-agent/-/http-proxy-agent-5.0.0.tgz#5129800203520d434f142bc78ff3c170800f2b43"
  integrity sha512-n2hY8YdoRE1i7r6M0w9DIw5GgZN0G25P8zLCRQ8rjXtTU3vsNFBI/vWK/UIeE6g5MUUz6avwAPXmL6Fy9D/90w==
  dependencies:
    "@tootallnate/once" "2"
    agent-base "6"
    debug "4"

https-proxy-agent@^5.0.1:
  version "5.0.1"
  resolved "https://registry.yarnpkg.com/https-proxy-agent/-/https-proxy-agent-5.0.1.tgz#c59ef224a04fe8b754f3db0063a25ea30d0005d6"
  integrity sha512-dFcAjpTQFgoLMzC2VwU+C/CbS7uRL0lWmxDITmqm7C+7F0Odmj6s9l6alZc6AELXhrnggM2CeWSXHGOdX2YtwA==
  dependencies:
    agent-base "6"
    debug "4"

iconv-lite@0.6.3:
  version "0.6.3"
  resolved "https://registry.yarnpkg.com/iconv-lite/-/iconv-lite-0.6.3.tgz#a52f80bf38da1952eb5c681790719871a1a72501"
  integrity sha512-4fCk79wshMdzMp2rH06qWrJE4iolqLhCUH+OiuIgU++RB0+94NlDL81atO7GX55uUKueo0txHNtvEyI6D7WdMw==
  dependencies:
    safer-buffer ">= 2.1.2 < 3.0.0"

is-alphabetical@^1.0.0:
  version "1.0.4"
  resolved "https://registry.yarnpkg.com/is-alphabetical/-/is-alphabetical-1.0.4.tgz#9e7d6b94916be22153745d184c298cbf986a686d"
  integrity sha512-DwzsA04LQ10FHTZuL0/grVDk4rFoVH1pjAToYwBrHSxcrBIGQuXrQMtD5U1b0U2XVgKZCTLLP8u2Qxqhy3l2Vg==

is-alphanumerical@^1.0.0:
  version "1.0.4"
  resolved "https://registry.yarnpkg.com/is-alphanumerical/-/is-alphanumerical-1.0.4.tgz#7eb9a2431f855f6b1ef1a78e326df515696c4dbf"
  integrity sha512-UzoZUr+XfVz3t3v4KyGEniVL9BDRoQtY7tOyrRybkVNjDFWyo1yhXNGrrBTQxp3ib9BLAWs7k2YKBQsFRkZG9A==
  dependencies:
    is-alphabetical "^1.0.0"
    is-decimal "^1.0.0"

is-buffer@^2.0.0:
  version "2.0.5"
  resolved "https://registry.yarnpkg.com/is-buffer/-/is-buffer-2.0.5.tgz#ebc252e400d22ff8d77fa09888821a24a658c191"
  integrity sha512-i2R6zNFDwgEHJyQUtJEk0XFi1i0dPFn/oqjK3/vPCcDeJvW5NQ83V8QbicfF1SupOaB0h8ntgBC2YiE7dfyctQ==

is-decimal@^1.0.0:
  version "1.0.4"
  resolved "https://registry.yarnpkg.com/is-decimal/-/is-decimal-1.0.4.tgz#65a3a5958a1c5b63a706e1b333d7cd9f630d3fa5"
  integrity sha512-RGdriMmQQvZ2aqaQq3awNA6dCGtKpiDFcOzrTWrDAT2MiWrKQVPmxLGHl7Y2nNu6led0kEyoX0enY0qXYsv9zw==

is-hexadecimal@^1.0.0:
  version "1.0.4"
  resolved "https://registry.yarnpkg.com/is-hexadecimal/-/is-hexadecimal-1.0.4.tgz#cc35c97588da4bd49a8eedd6bc4082d44dcb23a7"
  integrity sha512-gyPJuv83bHMpocVYoqof5VDiZveEoGoFL8m3BXNb2VW8Xs+rz9kqO8LOQ5DH6EsuvilT1ApazU0pyl+ytbPtlw==

is-plain-obj@^2.0.0:
  version "2.1.0"
  resolved "https://registry.yarnpkg.com/is-plain-obj/-/is-plain-obj-2.1.0.tgz#45e42e37fccf1f40da8e5f76ee21515840c09287"
  integrity sha512-YWnfyRwxL/+SsrWYfOpUtz5b3YD+nyfkHvjbcanzk8zgyO4ASD67uVMRt8k5bM4lLMDnXfriRhOpemw+NfT1eA==

is-potential-custom-element-name@^1.0.1:
  version "1.0.1"
  resolved "https://registry.yarnpkg.com/is-potential-custom-element-name/-/is-potential-custom-element-name-1.0.1.tgz#171ed6f19e3ac554394edf78caa05784a45bebb5"
  integrity sha512-bCYeRA2rVibKZd+s2625gGnGF/t7DSqDs4dP7CrLA1m7jKWz6pps0LpYLJN8Q64HtmPKJ1hrN3nzPNKFEKOUiQ==

jsdom@^22.1.0:
  version "22.1.0"
  resolved "https://registry.yarnpkg.com/jsdom/-/jsdom-22.1.0.tgz#0fca6d1a37fbeb7f4aac93d1090d782c56b611c8"
  integrity sha512-/9AVW7xNbsBv6GfWho4TTNjEo9fe6Zhf9O7s0Fhhr3u+awPwAJMKwAMXnkk5vBxflqLW9hTHX/0cs+P3gW+cQw==
  dependencies:
    abab "^2.0.6"
    cssstyle "^3.0.0"
    data-urls "^4.0.0"
    decimal.js "^10.4.3"
    domexception "^4.0.0"
    form-data "^4.0.0"
    html-encoding-sniffer "^3.0.0"
    http-proxy-agent "^5.0.0"
    https-proxy-agent "^5.0.1"
    is-potential-custom-element-name "^1.0.1"
    nwsapi "^2.2.4"
    parse5 "^7.1.2"
    rrweb-cssom "^0.6.0"
    saxes "^6.0.0"
    symbol-tree "^3.2.4"
    tough-cookie "^4.1.2"
    w3c-xmlserializer "^4.0.0"
    webidl-conversions "^7.0.0"
    whatwg-encoding "^2.0.0"
    whatwg-mimetype "^3.0.0"
    whatwg-url "^12.0.1"
    ws "^8.13.0"
    xml-name-validator "^4.0.0"

lodash.isplainobject@^4.0.6:
  version "4.0.6"
  resolved "https://registry.yarnpkg.com/lodash.isplainobject/-/lodash.isplainobject-4.0.6.tgz#7c526a52d89b45c45cc690b88163be0497f550cb"
  integrity sha512-oSXzaWypCMHkPC3NvBEaPHf0KsA5mvPrOPgQWDsbg8n7orZ290M0BmC/jgRZ4vcJ6DTAhjrsSYgdsW/F+MFOBA==

lodash.isstring@^4.0.1:
  version "4.0.1"
  resolved "https://registry.yarnpkg.com/lodash.isstring/-/lodash.isstring-4.0.1.tgz#d527dfb5456eca7cc9bb95d5daeaf88ba54a5451"
  integrity sha512-0wJxfxH1wgO3GrbuP+dTTk7op+6L41QCXbGINEmD+ny/G/eCqGzxyCsh7159S+mgDDcoarnBw6PC1PS5+wUGgw==

lodash@^4.17.11:
  version "4.17.21"
  resolved "https://registry.yarnpkg.com/lodash/-/lodash-4.17.21.tgz#679591c564c3bffaae8454cf0b3df370c3d6911c"
  integrity sha512-v2kDEe57lecTulaDIuNTPy3Ry4gLGJ6Z1O3vE1krgXZNrsQ+LFTGHVxVjcXPs17LhbZVGedAJv8XZ1tvj5FvSg==

longest-streak@^2.0.0:
  version "2.0.4"
  resolved "https://registry.yarnpkg.com/longest-streak/-/longest-streak-2.0.4.tgz#b8599957da5b5dab64dee3fe316fa774597d90e4"
  integrity sha512-vM6rUVCVUJJt33bnmHiZEvr7wPT78ztX7rojL+LW51bHtLh6HTjx84LA5W4+oa6aKEJA7jJu5LR6vQRBpA5DVg==

markdown-table@^2.0.0:
  version "2.0.0"
  resolved "https://registry.yarnpkg.com/markdown-table/-/markdown-table-2.0.0.tgz#194a90ced26d31fe753d8b9434430214c011865b"
  integrity sha512-Ezda85ToJUBhM6WGaG6veasyym+Tbs3cMAw/ZhOPqXiYsr0jgocBV3j3nx+4lk47plLlIqjwuTm/ywVI+zjJ/A==
  dependencies:
    repeat-string "^1.0.0"

mdast-util-find-and-replace@^1.1.0:
  version "1.1.1"
  resolved "https://registry.yarnpkg.com/mdast-util-find-and-replace/-/mdast-util-find-and-replace-1.1.1.tgz#b7db1e873f96f66588c321f1363069abf607d1b5"
  integrity sha512-9cKl33Y21lyckGzpSmEQnIDjEfeeWelN5s1kUW1LwdB0Fkuq2u+4GdqcGEygYxJE8GVqCl0741bYXHgamfWAZA==
  dependencies:
    escape-string-regexp "^4.0.0"
    unist-util-is "^4.0.0"
    unist-util-visit-parents "^3.0.0"

mdast-util-from-markdown@^0.8.0:
  version "0.8.5"
  resolved "https://registry.yarnpkg.com/mdast-util-from-markdown/-/mdast-util-from-markdown-0.8.5.tgz#d1ef2ca42bc377ecb0463a987910dae89bd9a28c"
  integrity sha512-2hkTXtYYnr+NubD/g6KGBS/0mFmBcifAsI0yIWRiRo0PjVs6SSOSOdtzbp6kSGnShDN6G5aWZpKQ2lWRy27mWQ==
  dependencies:
    "@types/mdast" "^3.0.0"
    mdast-util-to-string "^2.0.0"
    micromark "~2.11.0"
    parse-entities "^2.0.0"
    unist-util-stringify-position "^2.0.0"

mdast-util-gfm-autolink-literal@^0.1.0:
  version "0.1.3"
  resolved "https://registry.yarnpkg.com/mdast-util-gfm-autolink-literal/-/mdast-util-gfm-autolink-literal-0.1.3.tgz#9c4ff399c5ddd2ece40bd3b13e5447d84e385fb7"
  integrity sha512-GjmLjWrXg1wqMIO9+ZsRik/s7PLwTaeCHVB7vRxUwLntZc8mzmTsLVr6HW1yLokcnhfURsn5zmSVdi3/xWWu1A==
  dependencies:
    ccount "^1.0.0"
    mdast-util-find-and-replace "^1.1.0"
    micromark "^2.11.3"

mdast-util-gfm-strikethrough@^0.2.0:
  version "0.2.3"
  resolved "https://registry.yarnpkg.com/mdast-util-gfm-strikethrough/-/mdast-util-gfm-strikethrough-0.2.3.tgz#45eea337b7fff0755a291844fbea79996c322890"
  integrity sha512-5OQLXpt6qdbttcDG/UxYY7Yjj3e8P7X16LzvpX8pIQPYJ/C2Z1qFGMmcw+1PZMUM3Z8wt8NRfYTvCni93mgsgA==
  dependencies:
    mdast-util-to-markdown "^0.6.0"

mdast-util-gfm-table@^0.1.0:
  version "0.1.6"
  resolved "https://registry.yarnpkg.com/mdast-util-gfm-table/-/mdast-util-gfm-table-0.1.6.tgz#af05aeadc8e5ee004eeddfb324b2ad8c029b6ecf"
  integrity sha512-j4yDxQ66AJSBwGkbpFEp9uG/LS1tZV3P33fN1gkyRB2LoRL+RR3f76m0HPHaby6F4Z5xr9Fv1URmATlRRUIpRQ==
  dependencies:
    markdown-table "^2.0.0"
    mdast-util-to-markdown "~0.6.0"

mdast-util-gfm-task-list-item@^0.1.0:
  version "0.1.6"
  resolved "https://registry.yarnpkg.com/mdast-util-gfm-task-list-item/-/mdast-util-gfm-task-list-item-0.1.6.tgz#70c885e6b9f543ddd7e6b41f9703ee55b084af10"
  integrity sha512-/d51FFIfPsSmCIRNp7E6pozM9z1GYPIkSy1urQ8s/o4TC22BZ7DqfHFWiqBD23bc7J3vV1Fc9O4QIHBlfuit8A==
  dependencies:
    mdast-util-to-markdown "~0.6.0"

mdast-util-gfm@^0.1.0:
  version "0.1.2"
  resolved "https://registry.yarnpkg.com/mdast-util-gfm/-/mdast-util-gfm-0.1.2.tgz#8ecddafe57d266540f6881f5c57ff19725bd351c"
  integrity sha512-NNkhDx/qYcuOWB7xHUGWZYVXvjPFFd6afg6/e2g+SV4r9q5XUcCbV4Wfa3DLYIiD+xAEZc6K4MGaE/m0KDcPwQ==
  dependencies:
    mdast-util-gfm-autolink-literal "^0.1.0"
    mdast-util-gfm-strikethrough "^0.2.0"
    mdast-util-gfm-table "^0.1.0"
    mdast-util-gfm-task-list-item "^0.1.0"
    mdast-util-to-markdown "^0.6.1"

mdast-util-to-markdown@^0.6.0, mdast-util-to-markdown@^0.6.1, mdast-util-to-markdown@~0.6.0:
  version "0.6.5"
  resolved "https://registry.yarnpkg.com/mdast-util-to-markdown/-/mdast-util-to-markdown-0.6.5.tgz#b33f67ca820d69e6cc527a93d4039249b504bebe"
  integrity sha512-XeV9sDE7ZlOQvs45C9UKMtfTcctcaj/pGwH8YLbMHoMOXNNCn2LsqVQOqrF1+/NU8lKDAqozme9SCXWyo9oAcQ==
  dependencies:
    "@types/unist" "^2.0.0"
    longest-streak "^2.0.0"
    mdast-util-to-string "^2.0.0"
    parse-entities "^2.0.0"
    repeat-string "^1.0.0"
    zwitch "^1.0.0"

mdast-util-to-string@^2.0.0:
  version "2.0.0"
  resolved "https://registry.yarnpkg.com/mdast-util-to-string/-/mdast-util-to-string-2.0.0.tgz#b8cfe6a713e1091cb5b728fc48885a4767f8b97b"
  integrity sha512-AW4DRS3QbBayY/jJmD8437V1Gombjf8RSOUCMFBuo5iHi58AGEgVCKQ+ezHkZZDpAQS75hcBMpLqjpJTjtUL7w==

micromark-extension-gfm-autolink-literal@~0.5.0:
  version "0.5.7"
  resolved "https://registry.yarnpkg.com/micromark-extension-gfm-autolink-literal/-/micromark-extension-gfm-autolink-literal-0.5.7.tgz#53866c1f0c7ef940ae7ca1f72c6faef8fed9f204"
  integrity sha512-ePiDGH0/lhcngCe8FtH4ARFoxKTUelMp4L7Gg2pujYD5CSMb9PbblnyL+AAMud/SNMyusbS2XDSiPIRcQoNFAw==
  dependencies:
    micromark "~2.11.3"

micromark-extension-gfm-strikethrough@~0.6.5:
  version "0.6.5"
  resolved "https://registry.yarnpkg.com/micromark-extension-gfm-strikethrough/-/micromark-extension-gfm-strikethrough-0.6.5.tgz#96cb83356ff87bf31670eefb7ad7bba73e6514d1"
  integrity sha512-PpOKlgokpQRwUesRwWEp+fHjGGkZEejj83k9gU5iXCbDG+XBA92BqnRKYJdfqfkrRcZRgGuPuXb7DaK/DmxOhw==
  dependencies:
    micromark "~2.11.0"

micromark-extension-gfm-table@~0.4.0:
  version "0.4.3"
  resolved "https://registry.yarnpkg.com/micromark-extension-gfm-table/-/micromark-extension-gfm-table-0.4.3.tgz#4d49f1ce0ca84996c853880b9446698947f1802b"
  integrity sha512-hVGvESPq0fk6ALWtomcwmgLvH8ZSVpcPjzi0AjPclB9FsVRgMtGZkUcpE0zgjOCFAznKepF4z3hX8z6e3HODdA==
  dependencies:
    micromark "~2.11.0"

micromark-extension-gfm-tagfilter@~0.3.0:
  version "0.3.0"
  resolved "https://registry.yarnpkg.com/micromark-extension-gfm-tagfilter/-/micromark-extension-gfm-tagfilter-0.3.0.tgz#d9f26a65adee984c9ccdd7e182220493562841ad"
  integrity sha512-9GU0xBatryXifL//FJH+tAZ6i240xQuFrSL7mYi8f4oZSbc+NvXjkrHemeYP0+L4ZUT+Ptz3b95zhUZnMtoi/Q==

micromark-extension-gfm-task-list-item@~0.3.0:
  version "0.3.3"
  resolved "https://registry.yarnpkg.com/micromark-extension-gfm-task-list-item/-/micromark-extension-gfm-task-list-item-0.3.3.tgz#d90c755f2533ed55a718129cee11257f136283b8"
  integrity sha512-0zvM5iSLKrc/NQl84pZSjGo66aTGd57C1idmlWmE87lkMcXrTxg1uXa/nXomxJytoje9trP0NDLvw4bZ/Z/XCQ==
  dependencies:
    micromark "~2.11.0"

micromark-extension-gfm@^0.3.0:
  version "0.3.3"
  resolved "https://registry.yarnpkg.com/micromark-extension-gfm/-/micromark-extension-gfm-0.3.3.tgz#36d1a4c089ca8bdfd978c9bd2bf1a0cb24e2acfe"
  integrity sha512-oVN4zv5/tAIA+l3GbMi7lWeYpJ14oQyJ3uEim20ktYFAcfX1x3LNlFGGlmrZHt7u9YlKExmyJdDGaTt6cMSR/A==
  dependencies:
    micromark "~2.11.0"
    micromark-extension-gfm-autolink-literal "~0.5.0"
    micromark-extension-gfm-strikethrough "~0.6.5"
    micromark-extension-gfm-table "~0.4.0"
    micromark-extension-gfm-tagfilter "~0.3.0"
    micromark-extension-gfm-task-list-item "~0.3.0"

micromark@^2.11.3, micromark@~2.11.0, micromark@~2.11.3:
  version "2.11.4"
  resolved "https://registry.yarnpkg.com/micromark/-/micromark-2.11.4.tgz#d13436138eea826383e822449c9a5c50ee44665a"
  integrity sha512-+WoovN/ppKolQOFIAajxi7Lu9kInbPxFuTBVEavFcL8eAfVstoc5MocPmqBeAdBOJV00uaVjegzH4+MA0DN/uA==
  dependencies:
    debug "^4.0.0"
    parse-entities "^2.0.0"

mime-db@1.52.0:
  version "1.52.0"
  resolved "https://registry.yarnpkg.com/mime-db/-/mime-db-1.52.0.tgz#bbabcdc02859f4987301c856e3387ce5ec43bf70"
  integrity sha512-sPU4uV7dYlvtWJxwwxHD0PuihVNiE7TyAbQ5SWxDCB9mUYvOgroQOwYQQOKPJ8CIbE+1ETVlOoK1UC2nU3gYvg==

mime-types@^2.1.12:
  version "2.1.35"
  resolved "https://registry.yarnpkg.com/mime-types/-/mime-types-2.1.35.tgz#381a871b62a734450660ae3deee44813f70d959a"
  integrity sha512-ZDY+bPm5zTTF+YpCrAU9nK0UgICYPT0QtT1NZWFv4s++TNkcgVaT0g6+4R2uI4MjQjzysHB1zxuWL50hzaeXiw==
  dependencies:
    mime-db "1.52.0"

ms@2.1.2:
  version "2.1.2"
  resolved "https://registry.yarnpkg.com/ms/-/ms-2.1.2.tgz#d09d1f357b443f493382a8eb3ccd183872ae6009"
  integrity sha512-sGkPx+VjMtmA6MX27oA4FBFELFCZZ4S4XqeGOXCv68tT+jb3vk/RyaKWP0PTKyWtmLSM0b+adUTEvbs1PEaH2w==

nwsapi@^2.2.4:
  version "2.2.7"
  resolved "https://registry.yarnpkg.com/nwsapi/-/nwsapi-2.2.7.tgz#738e0707d3128cb750dddcfe90e4610482df0f30"
  integrity sha512-ub5E4+FBPKwAZx0UwIQOjYWGHTEq5sPqHQNRN8Z9e4A7u3Tj1weLJsL59yH9vmvqEtBHaOmT6cYQKIZOxp35FQ==

p-throttle@^4.1.1:
  version "4.1.1"
  resolved "https://registry.yarnpkg.com/p-throttle/-/p-throttle-4.1.1.tgz#80b1fbd358af40a8bfa1667f9dc8b72b714ad692"
  integrity sha512-TuU8Ato+pRTPJoDzYD4s7ocJYcNSEZRvlxoq3hcPI2kZDZ49IQ1Wkj7/gDJc3X7XiEAAvRGtDzdXJI0tC3IL1g==

parse-entities@^2.0.0:
  version "2.0.0"
  resolved "https://registry.yarnpkg.com/parse-entities/-/parse-entities-2.0.0.tgz#53c6eb5b9314a1f4ec99fa0fdf7ce01ecda0cbe8"
  integrity sha512-kkywGpCcRYhqQIchaWqZ875wzpS/bMKhz5HnN3p7wveJTkTtyAB/AlnS0f8DFSqYW1T82t6yEAkEcB+A1I3MbQ==
  dependencies:
    character-entities "^1.0.0"
    character-entities-legacy "^1.0.0"
    character-reference-invalid "^1.0.0"
    is-alphanumerical "^1.0.0"
    is-decimal "^1.0.0"
    is-hexadecimal "^1.0.0"

parse5@^7.1.2:
  version "7.1.2"
  resolved "https://registry.yarnpkg.com/parse5/-/parse5-7.1.2.tgz#0736bebbfd77793823240a23b7fc5e010b7f8e32"
  integrity sha512-Czj1WaSVpaoj0wbhMzLmWD69anp2WH7FXMB9n1Sy8/ZFF9jolSQVMu1Ij5WIyGmcBmhk7EOndpO4mIpihVqAXw==
  dependencies:
    entities "^4.4.0"

proxy-from-env@^1.1.0:
  version "1.1.0"
  resolved "https://registry.yarnpkg.com/proxy-from-env/-/proxy-from-env-1.1.0.tgz#e102f16ca355424865755d2c9e8ea4f24d58c3e2"
  integrity sha512-D+zkORCbA9f1tdWRK0RaCR3GPv50cMxcrz4X8k5LTSUD1Dkw47mKJEZQNunItRTkWwgtaUSo1RVFRIG9ZXiFYg==

psl@^1.1.33:
  version "1.9.0"
  resolved "https://registry.yarnpkg.com/psl/-/psl-1.9.0.tgz#d0df2a137f00794565fcaf3b2c00cd09f8d5a5a7"
  integrity sha512-E/ZsdU4HLs/68gYzgGTkMicWTLPdAftJLfJFlLUAAKZGkStNU72sZjT66SnMDVOfOWY/YAoiD7Jxa9iHvngcag==

punycode@^2.1.1, punycode@^2.3.0:
  version "2.3.0"
  resolved "https://registry.yarnpkg.com/punycode/-/punycode-2.3.0.tgz#f67fa67c94da8f4d0cfff981aee4118064199b8f"
  integrity sha512-rRV+zQD8tVFys26lAGR9WUuS4iUAngJScM+ZRSKtvl5tKeZ2t5bvdNFdNHBW9FWR4guGHlgmsZ1G7BSm2wTbuA==

querystringify@^2.1.1:
  version "2.2.0"
  resolved "https://registry.yarnpkg.com/querystringify/-/querystringify-2.2.0.tgz#3345941b4153cb9d082d8eee4cda2016a9aef7f6"
  integrity sha512-FIqgj2EUvTa7R50u0rGsyTftzjYmv/a3hO345bZNrqabNqjtgiDMgmo4mkUjd+nzU5oF3dClKqFIPUKybUyqoQ==

remark-gfm@^1.0.0:
  version "1.0.0"
  resolved "https://registry.yarnpkg.com/remark-gfm/-/remark-gfm-1.0.0.tgz#9213643001be3f277da6256464d56fd28c3b3c0d"
  integrity sha512-KfexHJCiqvrdBZVbQ6RopMZGwaXz6wFJEfByIuEwGf0arvITHjiKKZ1dpXujjH9KZdm1//XJQwgfnJ3lmXaDPA==
  dependencies:
    mdast-util-gfm "^0.1.0"
    micromark-extension-gfm "^0.3.0"

remark-parse@^9.0.0:
  version "9.0.0"
  resolved "https://registry.yarnpkg.com/remark-parse/-/remark-parse-9.0.0.tgz#4d20a299665880e4f4af5d90b7c7b8a935853640"
  integrity sha512-geKatMwSzEXKHuzBNU1z676sGcDcFoChMK38TgdHJNAYfFtsfHDQG7MoJAjs6sgYMqyLduCYWDIWZIxiPeafEw==
  dependencies:
    mdast-util-from-markdown "^0.8.0"

repeat-string@^1.0.0:
  version "1.6.1"
  resolved "https://registry.yarnpkg.com/repeat-string/-/repeat-string-1.6.1.tgz#8dcae470e1c88abc2d600fff4a776286da75e637"
  integrity sha512-PV0dzCYDNfRi1jCDbJzpW7jNNDRuCOG/jI5ctQcGKt/clZD+YcPS3yIlWuTJMmESC8aevCFmWJy5wjAFgNqN6w==

requires-port@^1.0.0:
  version "1.0.0"
  resolved "https://registry.yarnpkg.com/requires-port/-/requires-port-1.0.0.tgz#925d2601d39ac485e091cf0da5c6e694dc3dcaff"
  integrity sha512-KigOCHcocU3XODJxsu8i/j8T9tzT4adHiecwORRQ0ZZFcp7ahwXuRU1m+yuO90C5ZUyGeGfocHDI14M3L3yDAQ==

rrweb-cssom@^0.6.0:
  version "0.6.0"
  resolved "https://registry.yarnpkg.com/rrweb-cssom/-/rrweb-cssom-0.6.0.tgz#ed298055b97cbddcdeb278f904857629dec5e0e1"
  integrity sha512-APM0Gt1KoXBz0iIkkdB/kfvGOwC4UuJFeG/c+yV7wSc7q96cG/kJ0HiYCnzivD9SB53cLV1MlHFNfOuPaadYSw==

"safer-buffer@>= 2.1.2 < 3.0.0":
  version "2.1.2"
  resolved "https://registry.yarnpkg.com/safer-buffer/-/safer-buffer-2.1.2.tgz#44fa161b0187b9549dd84bb91802f9bd8385cd6a"
  integrity sha512-YZo3K82SD7Riyi0E1EQPojLz7kpepnSQI9IyPbHHg1XXXevb5dJI7tpyN2ADxGcQbHG7vcyRHk0cbwqcQriUtg==

sax@>=0.6.0, sax@^1.2.4:
  version "1.3.0"
  resolved "https://registry.yarnpkg.com/sax/-/sax-1.3.0.tgz#a5dbe77db3be05c9d1ee7785dbd3ea9de51593d0"
  integrity sha512-0s+oAmw9zLl1V1cS9BtZN7JAd0cW5e0QH4W3LWEK6a4LaLEA2OTpGYWDY+6XasBLtz6wkm3u1xRw95mRuJ59WA==

saxes@^6.0.0:
  version "6.0.0"
  resolved "https://registry.yarnpkg.com/saxes/-/saxes-6.0.0.tgz#fe5b4a4768df4f14a201b1ba6a65c1f3d9988cc5"
  integrity sha512-xAg7SOnEhrm5zI3puOOKyy1OMcMlIJZYNJY7xLBwSze0UjhPLnWfj2GF2EpT0jmzaJKIWKHLsaSSajf35bcYnA==
  dependencies:
    xmlchars "^2.2.0"

symbol-tree@^3.2.4:
  version "3.2.4"
  resolved "https://registry.yarnpkg.com/symbol-tree/-/symbol-tree-3.2.4.tgz#430637d248ba77e078883951fb9aa0eed7c63fa2"
  integrity sha512-9QNk5KwDF+Bvz+PyObkmSYjI5ksVUYtjW7AU22r2NKcfLJcXp96hkDWU3+XndOsUb+AQ9QhfzfCT2O+CNWT5Tw==

tough-cookie@^4.1.2:
  version "4.1.3"
  resolved "https://registry.yarnpkg.com/tough-cookie/-/tough-cookie-4.1.3.tgz#97b9adb0728b42280aa3d814b6b999b2ff0318bf"
  integrity sha512-aX/y5pVRkfRnfmuX+OdbSdXvPe6ieKX/G2s7e98f4poJHnqH3281gDPm/metm6E/WRamfx7WC4HUqkWHfQHprw==
  dependencies:
    psl "^1.1.33"
    punycode "^2.1.1"
    universalify "^0.2.0"
    url-parse "^1.5.3"

tr46@^4.1.1:
  version "4.1.1"
  resolved "https://registry.yarnpkg.com/tr46/-/tr46-4.1.1.tgz#281a758dcc82aeb4fe38c7dfe4d11a395aac8469"
  integrity sha512-2lv/66T7e5yNyhAAC4NaKe5nVavzuGJQVVtRYLyQ2OI8tsJ61PMLlelehb0wi2Hx6+hT/OJUWZcw8MjlSRnxvw==
  dependencies:
    punycode "^2.3.0"

trough@^1.0.0:
  version "1.0.5"
  resolved "https://registry.yarnpkg.com/trough/-/trough-1.0.5.tgz#b8b639cefad7d0bb2abd37d433ff8293efa5f406"
  integrity sha512-rvuRbTarPXmMb79SmzEp8aqXNKcK+y0XaB298IXueQ8I2PsrATcPBCSPyK/dDNa2iWOhKlfNnOjdAOTBU/nkFA==

turndown@^7.1.2:
  version "7.1.2"
  resolved "https://registry.yarnpkg.com/turndown/-/turndown-7.1.2.tgz#7feb838c78f14241e79ed92a416e0d213e044a29"
  integrity sha512-ntI9R7fcUKjqBP6QU8rBK2Ehyt8LAzt3UBT9JR9tgo6GtuKvyUzpayWmeMKJw1DPdXzktvtIT8m2mVXz+bL/Qg==
  dependencies:
    domino "^2.1.6"

type-fest@^4.0.0:
  version "4.4.0"
  resolved "https://registry.yarnpkg.com/type-fest/-/type-fest-4.4.0.tgz#061cd10ff55664bb7174218cdf78c28c48f71c69"
  integrity sha512-HT3RRs7sTfY22KuPQJkD/XjbTbxgP2Je5HPt6H6JEGvcjHd5Lqru75EbrP3tb4FYjNJ+DjLp+MNQTFQU0mhXNw==

unified@^9.0.0:
  version "9.2.2"
  resolved "https://registry.yarnpkg.com/unified/-/unified-9.2.2.tgz#67649a1abfc3ab85d2969502902775eb03146975"
  integrity sha512-Sg7j110mtefBD+qunSLO1lqOEKdrwBFBrR6Qd8f4uwkhWNlbkaqwHse6e7QvD3AP/MNoJdEDLaf8OxYyoWgorQ==
  dependencies:
    bail "^1.0.0"
    extend "^3.0.0"
    is-buffer "^2.0.0"
    is-plain-obj "^2.0.0"
    trough "^1.0.0"
    vfile "^4.0.0"

unist-util-is@^4.0.0:
  version "4.1.0"
  resolved "https://registry.yarnpkg.com/unist-util-is/-/unist-util-is-4.1.0.tgz#976e5f462a7a5de73d94b706bac1b90671b57797"
  integrity sha512-ZOQSsnce92GrxSqlnEEseX0gi7GH9zTJZ0p9dtu87WRb/37mMPO2Ilx1s/t9vBHrFhbgweUwb+t7cIn5dxPhZg==

unist-util-stringify-position@^2.0.0:
  version "2.0.3"
  resolved "https://registry.yarnpkg.com/unist-util-stringify-position/-/unist-util-stringify-position-2.0.3.tgz#cce3bfa1cdf85ba7375d1d5b17bdc4cada9bd9da"
  integrity sha512-3faScn5I+hy9VleOq/qNbAd6pAx7iH5jYBMS9I1HgQVijz/4mv5Bvw5iw1sC/90CODiKo81G/ps8AJrISn687g==
  dependencies:
    "@types/unist" "^2.0.2"

unist-util-visit-parents@^3.0.0:
  version "3.1.1"
  resolved "https://registry.yarnpkg.com/unist-util-visit-parents/-/unist-util-visit-parents-3.1.1.tgz#65a6ce698f78a6b0f56aa0e88f13801886cdaef6"
  integrity sha512-1KROIZWo6bcMrZEwiH2UrXDyalAa0uqzWCxCJj6lPOvTve2WkfgCytoDTPaMnodXh1WrXOq0haVYHj99ynJlsg==
  dependencies:
    "@types/unist" "^2.0.0"
    unist-util-is "^4.0.0"

universalify@^0.2.0:
  version "0.2.0"
  resolved "https://registry.yarnpkg.com/universalify/-/universalify-0.2.0.tgz#6451760566fa857534745ab1dde952d1b1761be0"
  integrity sha512-CJ1QgKmNg3CwvAv/kOFmtnEN05f0D/cn9QntgNOQlQF9dgvVTHj3t+8JPdjqawCHk7V/KA+fbUqzZ9XWhcqPUg==

url-parse@^1.5.3:
  version "1.5.10"
  resolved "https://registry.yarnpkg.com/url-parse/-/url-parse-1.5.10.tgz#9d3c2f736c1d75dd3bd2be507dcc111f1e2ea9c1"
  integrity sha512-WypcfiRhfeUP9vvF0j6rw0J3hrWrw6iZv3+22h6iRMJ/8z1Tj6XfLP4DsUix5MhMPnXpiHDoKyoZ/bdCkwBCiQ==
  dependencies:
    querystringify "^2.1.1"
    requires-port "^1.0.0"

vfile-message@^2.0.0:
  version "2.0.4"
  resolved "https://registry.yarnpkg.com/vfile-message/-/vfile-message-2.0.4.tgz#5b43b88171d409eae58477d13f23dd41d52c371a"
  integrity sha512-DjssxRGkMvifUOJre00juHoP9DPWuzjxKuMDrhNbk2TdaYYBNMStsNhEOt3idrtI12VQYM/1+iM0KOzXi4pxwQ==
  dependencies:
    "@types/unist" "^2.0.0"
    unist-util-stringify-position "^2.0.0"

vfile@^4.0.0:
  version "4.2.1"
  resolved "https://registry.yarnpkg.com/vfile/-/vfile-4.2.1.tgz#03f1dce28fc625c625bc6514350fbdb00fa9e624"
  integrity sha512-O6AE4OskCG5S1emQ/4gl8zK586RqA3srz3nfK/Viy0UPToBc5Trp9BVFb1u0CjsKrAWwnpr4ifM/KBXPWwJbCA==
  dependencies:
    "@types/unist" "^2.0.0"
    is-buffer "^2.0.0"
    unist-util-stringify-position "^2.0.0"
    vfile-message "^2.0.0"

w3c-xmlserializer@^4.0.0:
  version "4.0.0"
  resolved "https://registry.yarnpkg.com/w3c-xmlserializer/-/w3c-xmlserializer-4.0.0.tgz#aebdc84920d806222936e3cdce408e32488a3073"
  integrity sha512-d+BFHzbiCx6zGfz0HyQ6Rg69w9k19nviJspaj4yNscGjrHu94sVP+aRm75yEbCh+r2/yR+7q6hux9LVtbuTGBw==
  dependencies:
    xml-name-validator "^4.0.0"

webidl-conversions@^7.0.0:
  version "7.0.0"
  resolved "https://registry.yarnpkg.com/webidl-conversions/-/webidl-conversions-7.0.0.tgz#256b4e1882be7debbf01d05f0aa2039778ea080a"
  integrity sha512-VwddBukDzu71offAQR975unBIGqfKZpM+8ZX6ySk8nYhVoo5CYaZyzt3YBvYtRtO+aoGlqxPg/B87NGVZ/fu6g==

whatwg-encoding@^2.0.0:
  version "2.0.0"
  resolved "https://registry.yarnpkg.com/whatwg-encoding/-/whatwg-encoding-2.0.0.tgz#e7635f597fd87020858626805a2729fa7698ac53"
  integrity sha512-p41ogyeMUrw3jWclHWTQg1k05DSVXPLcVxRTYsXUk+ZooOCZLcoYgPZ/HL/D/N+uQPOtcp1me1WhBEaX02mhWg==
  dependencies:
    iconv-lite "0.6.3"

whatwg-mimetype@^3.0.0:
  version "3.0.0"
  resolved "https://registry.yarnpkg.com/whatwg-mimetype/-/whatwg-mimetype-3.0.0.tgz#5fa1a7623867ff1af6ca3dc72ad6b8a4208beba7"
  integrity sha512-nt+N2dzIutVRxARx1nghPKGv1xHikU7HKdfafKkLNLindmPU/ch3U31NOCGGA/dmPcmb1VlofO0vnKAcsm0o/Q==

whatwg-url@^12.0.0, whatwg-url@^12.0.1:
  version "12.0.1"
  resolved "https://registry.yarnpkg.com/whatwg-url/-/whatwg-url-12.0.1.tgz#fd7bcc71192e7c3a2a97b9a8d6b094853ed8773c"
  integrity sha512-Ed/LrqB8EPlGxjS+TrsXcpUond1mhccS3pchLhzSgPCnTimUCKj3IZE75pAs5m6heB2U2TMerKFUXheyHY+VDQ==
  dependencies:
    tr46 "^4.1.1"
    webidl-conversions "^7.0.0"

ws@^8.13.0:
  version "8.14.2"
  resolved "https://registry.yarnpkg.com/ws/-/ws-8.14.2.tgz#6c249a806eb2db7a20d26d51e7709eab7b2e6c7f"
  integrity sha512-wEBG1ftX4jcglPxgFCMJmZ2PLtSbJ2Peg6TmpJFTbe9GZYOQCDPdMYu/Tm0/bGZkw8paZnJY45J4K2PZrLYq8g==

xml-js@^1.6.11:
  version "1.6.11"
  resolved "https://registry.yarnpkg.com/xml-js/-/xml-js-1.6.11.tgz#927d2f6947f7f1c19a316dd8eea3614e8b18f8e9"
  integrity sha512-7rVi2KMfwfWFl+GpPg6m80IVMWXLRjO+PxTq7V2CDhoGak0wzYzFgUY2m4XJ47OGdXd8eLE8EmwfAmdjw7lC1g==
  dependencies:
    sax "^1.2.4"

xml-name-validator@^4.0.0:
  version "4.0.0"
  resolved "https://registry.yarnpkg.com/xml-name-validator/-/xml-name-validator-4.0.0.tgz#79a006e2e63149a8600f15430f0a4725d1524835"
  integrity sha512-ICP2e+jsHvAj2E2lIHxa5tjXRlKDJo4IdvPvCXbXQGdzSfmSpNVyIKMvoZHjDY9DP0zV17iI85o90vRFXNccRw==

xml2js@^0.6.2:
  version "0.6.2"
  resolved "https://registry.yarnpkg.com/xml2js/-/xml2js-0.6.2.tgz#dd0b630083aa09c161e25a4d0901e2b2a929b499"
  integrity sha512-T4rieHaC1EXcES0Kxxj4JWgaUQHDk+qwHcYOCFHfiwKz7tOVPLq7Hjq9dM1WCMhylqMEfP7hMcOIChvotiZegA==
  dependencies:
    sax ">=0.6.0"
    xmlbuilder "~11.0.0"

xmlbuilder@~11.0.0:
  version "11.0.1"
  resolved "https://registry.yarnpkg.com/xmlbuilder/-/xmlbuilder-11.0.1.tgz#be9bae1c8a046e76b31127726347d0ad7002beb3"
  integrity sha512-fDlsI/kFEx7gLvbecc0/ohLG50fugQp8ryHzMTuW9vSa1GJ0XYWKnhsUx7oie3G98+r56aTQIUB4kht42R3JvA==

xmlchars@^2.2.0:
  version "2.2.0"
  resolved "https://registry.yarnpkg.com/xmlchars/-/xmlchars-2.2.0.tgz#060fe1bcb7f9c76fe2a17db86a9bc3ab894210cb"
  integrity sha512-JZnDKK8B0RCDw84FNdDAIpZK+JuJw+s7Lz8nksI7SIuU3UXJJslUthsi+uWBUYOwPFwW7W7PRLRfUKpxjtjFCw==

zwitch@^1.0.0:
  version "1.0.5"
  resolved "https://registry.yarnpkg.com/zwitch/-/zwitch-1.0.5.tgz#d11d7381ffed16b742f6af7b3f223d5cd9fe9920"
  integrity sha512-V50KMwwzqJV0NpZIZFwfOD5/lyny3WlSzRiXgA0G7VUnRlqttta1L6UQIHzd6EuBY/cHGfwTIck7w1yH6Q5zUw==
